
Microsoft Visual Studio Solution File, Format Version 12.00
# Visual Studio Version 16
VisualStudioVersion = 16.0.31112.23
MinimumVisualStudioVersion = 10.0.40219.1
Project("{FAE04EC0-301F-11D3-BF4B-00C04F79EFBC}") = "simpleCalculator", "simpleCalculator.csproj", "{49ADE459-D742-49CB-A07E-CA677E15B419}"
EndProject
Global
	GlobalSection(SolutionConfigurationPlatforms) = preSolution
		Debug|Any CPU = Debug|Any CPU
		Release|Any CPU = Release|Any CPU
	EndGlobalSection
	GlobalSection(ProjectConfigurationPlatforms) = postSolution
		{49ADE459-D742-49CB-A07E-CA677E15B419}.Debug|Any CPU.ActiveCfg = Debug|Any CPU
		{49ADE459-D742-49CB-A07E-CA677E15B419}.Debug|Any CPU.Build.0 = Debug|Any CPU
		{49ADE459-D742-49CB-A07E-CA677E15B419}.Release|Any CPU.ActiveCfg = Release|Any CPU
		{49ADE459-D742-49CB-A07E-CA677E15B419}.Release|Any CPU.Build.0 = Release|Any CPU
	EndGlobalSection
	GlobalSection(SolutionProperties) = preSolution
		HideSolutionNode = FALSE
	EndGlobalSection
	GlobalSection(ExtensibilityGlobals) = postSolution
		SolutionGuid = {E5CE8AFB-14DD-43A6-8C39-2D6B1161DEA9}
	EndGlobalSection
EndGlobal
